// !$*UTF8*$!
{
	archiveVersion = 1;
	classes = {
	};
	objectVersion = 56;
	objects = {

/* Begin PBXBuildFile section */
		8C300ADC2B4669EF00F72EF1 /* FoodAppApp.swift in Sources */ = {isa = PBXBuildFile; fileRef = 8C300ADB2B4669EF00F72EF1 /* FoodAppApp.swift */; };
		8C300ADE2B4669EF00F72EF1 /* AppetizerTabView.swift in Sources */ = {isa = PBXBuildFile; fileRef = 8C300ADD2B4669EF00F72EF1 /* AppetizerTabView.swift */; };
		8C300AE02B4669F100F72EF1 /* Assets.xcassets in Resources */ = {isa = PBXBuildFile; fileRef = 8C300ADF2B4669F100F72EF1 /* Assets.xcassets */; };
		8C300AE32B4669F100F72EF1 /* Preview Assets.xcassets in Resources */ = {isa = PBXBuildFile; fileRef = 8C300AE22B4669F100F72EF1 /* Preview Assets.xcassets */; };
		8C300AEC2B4673D700F72EF1 /* AppetizerListView.swift in Sources */ = {isa = PBXBuildFile; fileRef = 8C300AEB2B4673D700F72EF1 /* AppetizerListView.swift */; };
		8C300AF02B4673ED00F72EF1 /* OrderView.swift in Sources */ = {isa = PBXBuildFile; fileRef = 8C300AEF2B4673ED00F72EF1 /* OrderView.swift */; };
		8C300AF22B468B0500F72EF1 /* Appetizer.swift in Sources */ = {isa = PBXBuildFile; fileRef = 8C300AF12B468B0400F72EF1 /* Appetizer.swift */; };
		8C300AF62B46A78B00F72EF1 /* AppetizerListCell.swift in Sources */ = {isa = PBXBuildFile; fileRef = 8C300AF52B46A78B00F72EF1 /* AppetizerListCell.swift */; };
		8C300AF82B479B8800F72EF1 /* NetworkManager.swift in Sources */ = {isa = PBXBuildFile; fileRef = 8C300AF72B479B8800F72EF1 /* NetworkManager.swift */; };
		8C300AFA2B479CA800F72EF1 /* APIError.swift in Sources */ = {isa = PBXBuildFile; fileRef = 8C300AF92B479CA800F72EF1 /* APIError.swift */; };
		8C300AFC2B483B5400F72EF1 /* AppetizerListViewModel.swift in Sources */ = {isa = PBXBuildFile; fileRef = 8C300AFB2B483B5400F72EF1 /* AppetizerListViewModel.swift */; };
		8C300AFE2B48A6DE00F72EF1 /* Alert.swift in Sources */ = {isa = PBXBuildFile; fileRef = 8C300AFD2B48A6DE00F72EF1 /* Alert.swift */; };
		8C300B002B49A8F100F72EF1 /* LoadingView.swift in Sources */ = {isa = PBXBuildFile; fileRef = 8C300AFF2B49A8F100F72EF1 /* LoadingView.swift */; };
		8C300B022B49B2FC00F72EF1 /* ColorExt.swift in Sources */ = {isa = PBXBuildFile; fileRef = 8C300B012B49B2FB00F72EF1 /* ColorExt.swift */; };
		8C300B042B4A633A00F72EF1 /* remoteImage.swift in Sources */ = {isa = PBXBuildFile; fileRef = 8C300B032B4A633900F72EF1 /* remoteImage.swift */; };
		8C300B132B4B933100F72EF1 /* AppetizerDetailView.swift in Sources */ = {isa = PBXBuildFile; fileRef = 8C300B122B4B933100F72EF1 /* AppetizerDetailView.swift */; };
		8C300B332B4BC5B700F72EF1 /* PopupView in Frameworks */ = {isa = PBXBuildFile; productRef = 8C300B322B4BC5B700F72EF1 /* PopupView */; };
		8C300B362B4CC8DC00F72EF1 /* xDismissButton.swift in Sources */ = {isa = PBXBuildFile; fileRef = 8C300B352B4CC8DC00F72EF1 /* xDismissButton.swift */; };
		8C300B382B4D0EE100F72EF1 /* AddToOrderButton.swift in Sources */ = {isa = PBXBuildFile; fileRef = 8C300B372B4D0EE100F72EF1 /* AddToOrderButton.swift */; };
		8C5915752B6C1AC300168700 /* AccountViewModel.swift in Sources */ = {isa = PBXBuildFile; fileRef = 8C5915742B6C1AC300168700 /* AccountViewModel.swift */; };
		8C5915782B6C484200168700 /* FirebaseAnalytics in Frameworks */ = {isa = PBXBuildFile; productRef = 8C5915772B6C484200168700 /* FirebaseAnalytics */; };
		8C59157A2B6C484200168700 /* FirebaseAnalyticsOnDeviceConversion in Frameworks */ = {isa = PBXBuildFile; productRef = 8C5915792B6C484200168700 /* FirebaseAnalyticsOnDeviceConversion */; };
		8C59157C2B6C484200168700 /* FirebaseAnalyticsSwift in Frameworks */ = {isa = PBXBuildFile; productRef = 8C59157B2B6C484200168700 /* FirebaseAnalyticsSwift */; };
		8C59157E2B6C484200168700 /* FirebaseAnalyticsWithoutAdIdSupport in Frameworks */ = {isa = PBXBuildFile; productRef = 8C59157D2B6C484200168700 /* FirebaseAnalyticsWithoutAdIdSupport */; };
		8C5915802B6C484200168700 /* FirebaseAppCheck in Frameworks */ = {isa = PBXBuildFile; productRef = 8C59157F2B6C484200168700 /* FirebaseAppCheck */; };
		8C5915822B6C484200168700 /* FirebaseAppDistribution-Beta in Frameworks */ = {isa = PBXBuildFile; productRef = 8C5915812B6C484200168700 /* FirebaseAppDistribution-Beta */; };
		8C5915842B6C484200168700 /* FirebaseAuth in Frameworks */ = {isa = PBXBuildFile; productRef = 8C5915832B6C484200168700 /* FirebaseAuth */; };
		8C5915862B6C484200168700 /* FirebaseAuthCombine-Community in Frameworks */ = {isa = PBXBuildFile; productRef = 8C5915852B6C484200168700 /* FirebaseAuthCombine-Community */; };
		8C5915882B6C484200168700 /* FirebaseCrashlytics in Frameworks */ = {isa = PBXBuildFile; productRef = 8C5915872B6C484200168700 /* FirebaseCrashlytics */; };
		8C59158A2B6C484200168700 /* FirebaseDatabase in Frameworks */ = {isa = PBXBuildFile; productRef = 8C5915892B6C484200168700 /* FirebaseDatabase */; };
		8C59158C2B6C484200168700 /* FirebaseDatabaseSwift in Frameworks */ = {isa = PBXBuildFile; productRef = 8C59158B2B6C484200168700 /* FirebaseDatabaseSwift */; };
		8C59158E2B6C484200168700 /* FirebaseDynamicLinks in Frameworks */ = {isa = PBXBuildFile; productRef = 8C59158D2B6C484200168700 /* FirebaseDynamicLinks */; };
		8C5915902B6C497100168700 /* GoogleService-Info.plist in Resources */ = {isa = PBXBuildFile; fileRef = 8C59158F2B6C497100168700 /* GoogleService-Info.plist */; };
		8C5915972B6C89BB00168700 /* AppetizerLoginView.swift in Sources */ = {isa = PBXBuildFile; fileRef = 8C5915962B6C89BB00168700 /* AppetizerLoginView.swift */; };
		8C59159B2B6CA7E400168700 /* SwiftKeychainWrapper in Frameworks */ = {isa = PBXBuildFile; productRef = 8C59159A2B6CA7E400168700 /* SwiftKeychainWrapper */; };
		8CC5C1B52B6D9DC700CFBB44 /* AppetizerRegistrationView.swift in Sources */ = {isa = PBXBuildFile; fileRef = 8CC5C1B42B6D9DC700CFBB44 /* AppetizerRegistrationView.swift */; };
		8CC5C1B72B6DA3D400CFBB44 /* AppetizerProfileView.swift in Sources */ = {isa = PBXBuildFile; fileRef = 8CC5C1B62B6DA3D400CFBB44 /* AppetizerProfileView.swift */; };
		8CC5C1BB2B6DABE800CFBB44 /* SettingsRowView.swift in Sources */ = {isa = PBXBuildFile; fileRef = 8CC5C1BA2B6DABE800CFBB44 /* SettingsRowView.swift */; };
		8CC5C1BD2B6DAF4100CFBB44 /* User.swift in Sources */ = {isa = PBXBuildFile; fileRef = 8CC5C1BC2B6DAF4100CFBB44 /* User.swift */; };
/* End PBXBuildFile section */

/* Begin PBXFileReference section */
		8C300AD82B4669EF00F72EF1 /* FoodApp.app */ = {isa = PBXFileReference; explicitFileType = wrapper.application; includeInIndex = 0; path = FoodApp.app; sourceTree = BUILT_PRODUCTS_DIR; };
		8C300ADB2B4669EF00F72EF1 /* FoodAppApp.swift */ = {isa = PBXFileReference; lastKnownFileType = sourcecode.swift; path = FoodAppApp.swift; sourceTree = "<group>"; };
		8C300ADD2B4669EF00F72EF1 /* AppetizerTabView.swift */ = {isa = PBXFileReference; lastKnownFileType = sourcecode.swift; path = AppetizerTabView.swift; sourceTree = "<group>"; };
		8C300ADF2B4669F100F72EF1 /* Assets.xcassets */ = {isa = PBXFileReference; lastKnownFileType = folder.assetcatalog; path = Assets.xcassets; sourceTree = "<group>"; };
		8C300AE22B4669F100F72EF1 /* Preview Assets.xcassets */ = {isa = PBXFileReference; lastKnownFileType = folder.assetcatalog; path = "Preview Assets.xcassets"; sourceTree = "<group>"; };
		8C300AEB2B4673D700F72EF1 /* AppetizerListView.swift */ = {isa = PBXFileReference; lastKnownFileType = sourcecode.swift; path = AppetizerListView.swift; sourceTree = "<group>"; };
		8C300AEF2B4673ED00F72EF1 /* OrderView.swift */ = {isa = PBXFileReference; lastKnownFileType = sourcecode.swift; path = OrderView.swift; sourceTree = "<group>"; };
		8C300AF12B468B0400F72EF1 /* Appetizer.swift */ = {isa = PBXFileReference; lastKnownFileType = sourcecode.swift; path = Appetizer.swift; sourceTree = "<group>"; };
		8C300AF52B46A78B00F72EF1 /* AppetizerListCell.swift */ = {isa = PBXFileReference; lastKnownFileType = sourcecode.swift; path = AppetizerListCell.swift; sourceTree = "<group>"; };
		8C300AF72B479B8800F72EF1 /* NetworkManager.swift */ = {isa = PBXFileReference; lastKnownFileType = sourcecode.swift; path = NetworkManager.swift; sourceTree = "<group>"; };
		8C300AF92B479CA800F72EF1 /* APIError.swift */ = {isa = PBXFileReference; lastKnownFileType = sourcecode.swift; path = APIError.swift; sourceTree = "<group>"; };
		8C300AFB2B483B5400F72EF1 /* AppetizerListViewModel.swift */ = {isa = PBXFileReference; lastKnownFileType = sourcecode.swift; path = AppetizerListViewModel.swift; sourceTree = "<group>"; };
		8C300AFD2B48A6DE00F72EF1 /* Alert.swift */ = {isa = PBXFileReference; lastKnownFileType = sourcecode.swift; path = Alert.swift; sourceTree = "<group>"; };
		8C300AFF2B49A8F100F72EF1 /* LoadingView.swift */ = {isa = PBXFileReference; lastKnownFileType = sourcecode.swift; path = LoadingView.swift; sourceTree = "<group>"; };
		8C300B012B49B2FB00F72EF1 /* ColorExt.swift */ = {isa = PBXFileReference; lastKnownFileType = sourcecode.swift; path = ColorExt.swift; sourceTree = "<group>"; };
		8C300B032B4A633900F72EF1 /* remoteImage.swift */ = {isa = PBXFileReference; lastKnownFileType = sourcecode.swift; path = remoteImage.swift; sourceTree = "<group>"; };
		8C300B122B4B933100F72EF1 /* AppetizerDetailView.swift */ = {isa = PBXFileReference; lastKnownFileType = sourcecode.swift; path = AppetizerDetailView.swift; sourceTree = "<group>"; };
		8C300B352B4CC8DC00F72EF1 /* xDismissButton.swift */ = {isa = PBXFileReference; lastKnownFileType = sourcecode.swift; path = xDismissButton.swift; sourceTree = "<group>"; };
		8C300B372B4D0EE100F72EF1 /* AddToOrderButton.swift */ = {isa = PBXFileReference; lastKnownFileType = sourcecode.swift; path = AddToOrderButton.swift; sourceTree = "<group>"; };
		8C5915742B6C1AC300168700 /* AccountViewModel.swift */ = {isa = PBXFileReference; lastKnownFileType = sourcecode.swift; path = AccountViewModel.swift; sourceTree = "<group>"; };
		8C59158F2B6C497100168700 /* GoogleService-Info.plist */ = {isa = PBXFileReference; fileEncoding = 4; lastKnownFileType = text.plist.xml; path = "GoogleService-Info.plist"; sourceTree = "<group>"; };
		8C5915962B6C89BB00168700 /* AppetizerLoginView.swift */ = {isa = PBXFileReference; lastKnownFileType = sourcecode.swift; path = AppetizerLoginView.swift; sourceTree = "<group>"; };
		8CC5C1B42B6D9DC700CFBB44 /* AppetizerRegistrationView.swift */ = {isa = PBXFileReference; lastKnownFileType = sourcecode.swift; path = AppetizerRegistrationView.swift; sourceTree = "<group>"; };
		8CC5C1B62B6DA3D400CFBB44 /* AppetizerProfileView.swift */ = {isa = PBXFileReference; lastKnownFileType = sourcecode.swift; path = AppetizerProfileView.swift; sourceTree = "<group>"; };
		8CC5C1BA2B6DABE800CFBB44 /* SettingsRowView.swift */ = {isa = PBXFileReference; lastKnownFileType = sourcecode.swift; path = SettingsRowView.swift; sourceTree = "<group>"; };
		8CC5C1BC2B6DAF4100CFBB44 /* User.swift */ = {isa = PBXFileReference; lastKnownFileType = sourcecode.swift; path = User.swift; sourceTree = "<group>"; };
/* End PBXFileReference section */

/* Begin PBXFrameworksBuildPhase section */
		8C300AD52B4669EF00F72EF1 /* Frameworks */ = {
			isa = PBXFrameworksBuildPhase;
			buildActionMask = 2147483647;
			files = (
				8C59158C2B6C484200168700 /* FirebaseDatabaseSwift in Frameworks */,
				8C5915822B6C484200168700 /* FirebaseAppDistribution-Beta in Frameworks */,
				8C5915862B6C484200168700 /* FirebaseAuthCombine-Community in Frameworks */,
				8C59157C2B6C484200168700 /* FirebaseAnalyticsSwift in Frameworks */,
				8C59157E2B6C484200168700 /* FirebaseAnalyticsWithoutAdIdSupport in Frameworks */,
				8C5915782B6C484200168700 /* FirebaseAnalytics in Frameworks */,
				8C59159B2B6CA7E400168700 /* SwiftKeychainWrapper in Frameworks */,
				8C59157A2B6C484200168700 /* FirebaseAnalyticsOnDeviceConversion in Frameworks */,
				8C5915802B6C484200168700 /* FirebaseAppCheck in Frameworks */,
				8C5915882B6C484200168700 /* FirebaseCrashlytics in Frameworks */,
				8C59158A2B6C484200168700 /* FirebaseDatabase in Frameworks */,
				8C300B332B4BC5B700F72EF1 /* PopupView in Frameworks */,
				8C5915842B6C484200168700 /* FirebaseAuth in Frameworks */,
				8C59158E2B6C484200168700 /* FirebaseDynamicLinks in Frameworks */,
			);
			runOnlyForDeploymentPostprocessing = 0;
		};
/* End PBXFrameworksBuildPhase section */

/* Begin PBXGroup section */
		8C300ACF2B4669EF00F72EF1 = {
			isa = PBXGroup;
			children = (
				8C300ADA2B4669EF00F72EF1 /* FoodApp */,
				8C300ADF2B4669F100F72EF1 /* Assets.xcassets */,
				8C300AD92B4669EF00F72EF1 /* Products */,
			);
			sourceTree = "<group>";
		};
		8C300AD92B4669EF00F72EF1 /* Products */ = {
			isa = PBXGroup;
			children = (
				8C300AD82B4669EF00F72EF1 /* FoodApp.app */,
			);
			name = Products;
			sourceTree = "<group>";
		};
		8C300ADA2B4669EF00F72EF1 /* FoodApp */ = {
			isa = PBXGroup;
			children = (
				8C300B0E2B4B46FA00F72EF1 /* Views */,
				8C300B0D2B4B465600F72EF1 /* Model */,
				8C300ADB2B4669EF00F72EF1 /* FoodAppApp.swift */,
				8C300B052B4B016E00F72EF1 /* Screens */,
				8C300B0B2B4B025300F72EF1 /* Extensions */,
				8C300B092B4B023300F72EF1 /* Utilities */,
				8C5915932B6C49AC00168700 /* FireBase */,
				8C300AE12B4669F100F72EF1 /* Preview Content */,
			);
			path = FoodApp;
			sourceTree = "<group>";
		};
		8C300AE12B4669F100F72EF1 /* Preview Content */ = {
			isa = PBXGroup;
			children = (
				8C300AE22B4669F100F72EF1 /* Preview Assets.xcassets */,
			);
			path = "Preview Content";
			sourceTree = "<group>";
		};
		8C300B052B4B016E00F72EF1 /* Screens */ = {
			isa = PBXGroup;
			children = (
				8C300ADD2B4669EF00F72EF1 /* AppetizerTabView.swift */,
				8C300B082B4B019000F72EF1 /* AppetizerListView */,
				8C300B062B4B017900F72EF1 /* AccountView */,
				8C300B072B4B018800F72EF1 /* OrderView */,
			);
			path = Screens;
			sourceTree = "<group>";
		};
		8C300B062B4B017900F72EF1 /* AccountView */ = {
			isa = PBXGroup;
			children = (
				8C5915742B6C1AC300168700 /* AccountViewModel.swift */,
				8C5915962B6C89BB00168700 /* AppetizerLoginView.swift */,
				8CC5C1B42B6D9DC700CFBB44 /* AppetizerRegistrationView.swift */,
				8CC5C1B62B6DA3D400CFBB44 /* AppetizerProfileView.swift */,
			);
			path = AccountView;
			sourceTree = "<group>";
		};
		8C300B072B4B018800F72EF1 /* OrderView */ = {
			isa = PBXGroup;
			children = (
				8C300AEF2B4673ED00F72EF1 /* OrderView.swift */,
			);
			path = OrderView;
			sourceTree = "<group>";
		};
		8C300B082B4B019000F72EF1 /* AppetizerListView */ = {
			isa = PBXGroup;
			children = (
				8C300AFB2B483B5400F72EF1 /* AppetizerListViewModel.swift */,
				8C300B122B4B933100F72EF1 /* AppetizerDetailView.swift */,
				8C300AEB2B4673D700F72EF1 /* AppetizerListView.swift */,
			);
			path = AppetizerListView;
			sourceTree = "<group>";
		};
		8C300B092B4B023300F72EF1 /* Utilities */ = {
			isa = PBXGroup;
			children = (
				8C300B342B4CC88D00F72EF1 /* Button */,
				8C300B0C2B4B028800F72EF1 /* Alerts */,
				8C300B0A2B4B024100F72EF1 /* Managers */,
			);
			path = Utilities;
			sourceTree = "<group>";
		};
		8C300B0A2B4B024100F72EF1 /* Managers */ = {
			isa = PBXGroup;
			children = (
				8C300AF72B479B8800F72EF1 /* NetworkManager.swift */,
			);
			path = Managers;
			sourceTree = "<group>";
		};
		8C300B0B2B4B025300F72EF1 /* Extensions */ = {
			isa = PBXGroup;
			children = (
				8C300B012B49B2FB00F72EF1 /* ColorExt.swift */,
			);
			path = Extensions;
			sourceTree = "<group>";
		};
		8C300B0C2B4B028800F72EF1 /* Alerts */ = {
			isa = PBXGroup;
			children = (
				8C300AF92B479CA800F72EF1 /* APIError.swift */,
				8C300AFD2B48A6DE00F72EF1 /* Alert.swift */,
			);
			path = Alerts;
			sourceTree = "<group>";
		};
		8C300B0D2B4B465600F72EF1 /* Model */ = {
			isa = PBXGroup;
			children = (
				8CC5C1BC2B6DAF4100CFBB44 /* User.swift */,
				8C300AF12B468B0400F72EF1 /* Appetizer.swift */,
			);
			path = Model;
			sourceTree = "<group>";
		};
		8C300B0E2B4B46FA00F72EF1 /* Views */ = {
			isa = PBXGroup;
			children = (
				8C300B112B4B474D00F72EF1 /* Image */,
				8C300B102B4B474200F72EF1 /* Cells */,
				8C300B0F2B4B471500F72EF1 /* UIKit Components */,
			);
			path = Views;
			sourceTree = "<group>";
		};
		8C300B0F2B4B471500F72EF1 /* UIKit Components */ = {
			isa = PBXGroup;
			children = (
				8CC5C1BA2B6DABE800CFBB44 /* SettingsRowView.swift */,
				8C300AFF2B49A8F100F72EF1 /* LoadingView.swift */,
			);
			path = "UIKit Components";
			sourceTree = "<group>";
		};
		8C300B102B4B474200F72EF1 /* Cells */ = {
			isa = PBXGroup;
			children = (
				8C300AF52B46A78B00F72EF1 /* AppetizerListCell.swift */,
			);
			path = Cells;
			sourceTree = "<group>";
		};
		8C300B112B4B474D00F72EF1 /* Image */ = {
			isa = PBXGroup;
			children = (
				8C300B032B4A633900F72EF1 /* remoteImage.swift */,
			);
			path = Image;
			sourceTree = "<group>";
		};
		8C300B342B4CC88D00F72EF1 /* Button */ = {
			isa = PBXGroup;
			children = (
				8C300B352B4CC8DC00F72EF1 /* xDismissButton.swift */,
				8C300B372B4D0EE100F72EF1 /* AddToOrderButton.swift */,
			);
			path = Button;
			sourceTree = "<group>";
		};
		8C5915932B6C49AC00168700 /* FireBase */ = {
			isa = PBXGroup;
			children = (
				8C59158F2B6C497100168700 /* GoogleService-Info.plist */,
			);
			path = FireBase;
			sourceTree = "<group>";
		};
/* End PBXGroup section */

/* Begin PBXNativeTarget section */
		8C300AD72B4669EF00F72EF1 /* FoodApp */ = {
			isa = PBXNativeTarget;
			buildConfigurationList = 8C300AE62B4669F200F72EF1 /* Build configuration list for PBXNativeTarget "FoodApp" */;
			buildPhases = (
				8C300AD42B4669EF00F72EF1 /* Sources */,
				8C300AD52B4669EF00F72EF1 /* Frameworks */,
				8C300AD62B4669EF00F72EF1 /* Resources */,
			);
			buildRules = (
			);
			dependencies = (
			);
			name = FoodApp;
			packageProductDependencies = (
				8C300B322B4BC5B700F72EF1 /* PopupView */,
				8C5915772B6C484200168700 /* FirebaseAnalytics */,
				8C5915792B6C484200168700 /* FirebaseAnalyticsOnDeviceConversion */,
				8C59157B2B6C484200168700 /* FirebaseAnalyticsSwift */,
				8C59157D2B6C484200168700 /* FirebaseAnalyticsWithoutAdIdSupport */,
				8C59157F2B6C484200168700 /* FirebaseAppCheck */,
				8C5915812B6C484200168700 /* FirebaseAppDistribution-Beta */,
				8C5915832B6C484200168700 /* FirebaseAuth */,
				8C5915852B6C484200168700 /* FirebaseAuthCombine-Community */,
				8C5915872B6C484200168700 /* FirebaseCrashlytics */,
				8C5915892B6C484200168700 /* FirebaseDatabase */,
				8C59158B2B6C484200168700 /* FirebaseDatabaseSwift */,
				8C59158D2B6C484200168700 /* FirebaseDynamicLinks */,
				8C59159A2B6CA7E400168700 /* SwiftKeychainWrapper */,
			);
			productName = FoodApp;
			productReference = 8C300AD82B4669EF00F72EF1 /* FoodApp.app */;
			productType = "com.apple.product-type.application";
		};
/* End PBXNativeTarget section */

/* Begin PBXProject section */
		8C300AD02B4669EF00F72EF1 /* Project object */ = {
			isa = PBXProject;
			attributes = {
				BuildIndependentTargetsInParallel = 1;
				LastSwiftUpdateCheck = 1510;
				LastUpgradeCheck = 1510;
				TargetAttributes = {
					8C300AD72B4669EF00F72EF1 = {
						CreatedOnToolsVersion = 15.1;
					};
				};
			};
			buildConfigurationList = 8C300AD32B4669EF00F72EF1 /* Build configuration list for PBXProject "FoodApp" */;
			compatibilityVersion = "Xcode 14.0";
			developmentRegion = en;
			hasScannedForEncodings = 0;
			knownRegions = (
				en,
				Base,
			);
			mainGroup = 8C300ACF2B4669EF00F72EF1;
			packageReferences = (
				8C300B312B4BC5B700F72EF1 /* XCRemoteSwiftPackageReference "PopupView" */,
				8C5915762B6C484100168700 /* XCRemoteSwiftPackageReference "firebase-ios-sdk" */,
				8C5915992B6CA7E400168700 /* XCRemoteSwiftPackageReference "SwiftKeychainWrapper" */,
			);
			productRefGroup = 8C300AD92B4669EF00F72EF1 /* Products */;
			projectDirPath = "";
			projectRoot = "";
			targets = (
				8C300AD72B4669EF00F72EF1 /* FoodApp */,
			);
		};
/* End PBXProject section */

/* Begin PBXResourcesBuildPhase section */
		8C300AD62B4669EF00F72EF1 /* Resources */ = {
			isa = PBXResourcesBuildPhase;
			buildActionMask = 2147483647;
			files = (
				8C300AE32B4669F100F72EF1 /* Preview Assets.xcassets in Resources */,
				8C300AE02B4669F100F72EF1 /* Assets.xcassets in Resources */,
				8C5915902B6C497100168700 /* GoogleService-Info.plist in Resources */,
			);
			runOnlyForDeploymentPostprocessing = 0;
		};
/* End PBXResourcesBuildPhase section */

/* Begin PBXSourcesBuildPhase section */
		8C300AD42B4669EF00F72EF1 /* Sources */ = {
			isa = PBXSourcesBuildPhase;
			buildActionMask = 2147483647;
			files = (
				8C5915972B6C89BB00168700 /* AppetizerLoginView.swift in Sources */,
				8CC5C1B72B6DA3D400CFBB44 /* AppetizerProfileView.swift in Sources */,
				8C300AF82B479B8800F72EF1 /* NetworkManager.swift in Sources */,
				8C300AF22B468B0500F72EF1 /* Appetizer.swift in Sources */,
				8CC5C1B52B6D9DC700CFBB44 /* AppetizerRegistrationView.swift in Sources */,
				8C300AFA2B479CA800F72EF1 /* APIError.swift in Sources */,
				8C300B132B4B933100F72EF1 /* AppetizerDetailView.swift in Sources */,
				8C5915752B6C1AC300168700 /* AccountViewModel.swift in Sources */,
				8C300AFC2B483B5400F72EF1 /* AppetizerListViewModel.swift in Sources */,
				8C300AF62B46A78B00F72EF1 /* AppetizerListCell.swift in Sources */,
				8CC5C1BD2B6DAF4100CFBB44 /* User.swift in Sources */,
				8C300B362B4CC8DC00F72EF1 /* xDismissButton.swift in Sources */,
				8C300B002B49A8F100F72EF1 /* LoadingView.swift in Sources */,
				8C300ADE2B4669EF00F72EF1 /* AppetizerTabView.swift in Sources */,
				8C300B382B4D0EE100F72EF1 /* AddToOrderButton.swift in Sources */,
				8C300ADC2B4669EF00F72EF1 /* FoodAppApp.swift in Sources */,
				8C300AFE2B48A6DE00F72EF1 /* Alert.swift in Sources */,
				8C300AEC2B4673D700F72EF1 /* AppetizerListView.swift in Sources */,
				8C300B042B4A633A00F72EF1 /* remoteImage.swift in Sources */,
				8C300AF02B4673ED00F72EF1 /* OrderView.swift in Sources */,
				8C300B022B49B2FC00F72EF1 /* ColorExt.swift in Sources */,
				8CC5C1BB2B6DABE800CFBB44 /* SettingsRowView.swift in Sources */,
			);
			runOnlyForDeploymentPostprocessing = 0;
		};
/* End PBXSourcesBuildPhase section */

/* Begin XCBuildConfiguration section */
		8C300AE42B4669F100F72EF1 /* Debug */ = {
			isa = XCBuildConfiguration;
			buildSettings = {
				ALWAYS_SEARCH_USER_PATHS = NO;
				ASSETCATALOG_COMPILER_GENERATE_SWIFT_ASSET_SYMBOL_EXTENSIONS = YES;
				CLANG_ANALYZER_NONNULL = YES;
				CLANG_ANALYZER_NUMBER_OBJECT_CONVERSION = YES_AGGRESSIVE;
				CLANG_CXX_LANGUAGE_STANDARD = "gnu++20";
				CLANG_ENABLE_MODULES = YES;
				CLANG_ENABLE_OBJC_ARC = YES;
				CLANG_ENABLE_OBJC_WEAK = YES;
				CLANG_WARN_BLOCK_CAPTURE_AUTORELEASING = YES;
				CLANG_WARN_BOOL_CONVERSION = YES;
				CLANG_WARN_COMMA = YES;
				CLANG_WARN_CONSTANT_CONVERSION = YES;
				CLANG_WARN_DEPRECATED_OBJC_IMPLEMENTATIONS = YES;
				CLANG_WARN_DIRECT_OBJC_ISA_USAGE = YES_ERROR;
				CLANG_WARN_DOCUMENTATION_COMMENTS = YES;
				CLANG_WARN_EMPTY_BODY = YES;
				CLANG_WARN_ENUM_CONVERSION = YES;
				CLANG_WARN_INFINITE_RECURSION = YES;
				CLANG_WARN_INT_CONVERSION = YES;
				CLANG_WARN_NON_LITERAL_NULL_CONVERSION = YES;
				CLANG_WARN_OBJC_IMPLICIT_RETAIN_SELF = YES;
				CLANG_WARN_OBJC_LITERAL_CONVERSION = YES;
				CLANG_WARN_OBJC_ROOT_CLASS = YES_ERROR;
				CLANG_WARN_QUOTED_INCLUDE_IN_FRAMEWORK_HEADER = YES;
				CLANG_WARN_RANGE_LOOP_ANALYSIS = YES;
				CLANG_WARN_STRICT_PROTOTYPES = YES;
				CLANG_WARN_SUSPICIOUS_MOVE = YES;
				CLANG_WARN_UNGUARDED_AVAILABILITY = YES_AGGRESSIVE;
				CLANG_WARN_UNREACHABLE_CODE = YES;
				CLANG_WARN__DUPLICATE_METHOD_MATCH = YES;
				COPY_PHASE_STRIP = NO;
				DEBUG_INFORMATION_FORMAT = dwarf;
				ENABLE_STRICT_OBJC_MSGSEND = YES;
				ENABLE_TESTABILITY = YES;
				ENABLE_USER_SCRIPT_SANDBOXING = YES;
				GCC_C_LANGUAGE_STANDARD = gnu17;
				GCC_DYNAMIC_NO_PIC = NO;
				GCC_NO_COMMON_BLOCKS = YES;
				GCC_OPTIMIZATION_LEVEL = 0;
				GCC_PREPROCESSOR_DEFINITIONS = (
					"DEBUG=1",
					"$(inherited)",
				);
				GCC_WARN_64_TO_32_BIT_CONVERSION = YES;
				GCC_WARN_ABOUT_RETURN_TYPE = YES_ERROR;
				GCC_WARN_UNDECLARED_SELECTOR = YES;
				GCC_WARN_UNINITIALIZED_AUTOS = YES_AGGRESSIVE;
				GCC_WARN_UNUSED_FUNCTION = YES;
				GCC_WARN_UNUSED_VARIABLE = YES;
				IPHONEOS_DEPLOYMENT_TARGET = 17.2;
				LOCALIZATION_PREFERS_STRING_CATALOGS = YES;
				MTL_ENABLE_DEBUG_INFO = INCLUDE_SOURCE;
				MTL_FAST_MATH = YES;
				ONLY_ACTIVE_ARCH = YES;
				SDKROOT = iphoneos;
				SWIFT_ACTIVE_COMPILATION_CONDITIONS = "DEBUG $(inherited)";
				SWIFT_OPTIMIZATION_LEVEL = "-Onone";
			};
			name = Debug;
		};
		8C300AE52B4669F100F72EF1 /* Release */ = {
			isa = XCBuildConfiguration;
			buildSettings = {
				ALWAYS_SEARCH_USER_PATHS = NO;
				ASSETCATALOG_COMPILER_GENERATE_SWIFT_ASSET_SYMBOL_EXTENSIONS = YES;
				CLANG_ANALYZER_NONNULL = YES;
				CLANG_ANALYZER_NUMBER_OBJECT_CONVERSION = YES_AGGRESSIVE;
				CLANG_CXX_LANGUAGE_STANDARD = "gnu++20";
				CLANG_ENABLE_MODULES = YES;
				CLANG_ENABLE_OBJC_ARC = YES;
				CLANG_ENABLE_OBJC_WEAK = YES;
				CLANG_WARN_BLOCK_CAPTURE_AUTORELEASING = YES;
				CLANG_WARN_BOOL_CONVERSION = YES;
				CLANG_WARN_COMMA = YES;
				CLANG_WARN_CONSTANT_CONVERSION = YES;
				CLANG_WARN_DEPRECATED_OBJC_IMPLEMENTATIONS = YES;
				CLANG_WARN_DIRECT_OBJC_ISA_USAGE = YES_ERROR;
				CLANG_WARN_DOCUMENTATION_COMMENTS = YES;
				CLANG_WARN_EMPTY_BODY = YES;
				CLANG_WARN_ENUM_CONVERSION = YES;
				CLANG_WARN_INFINITE_RECURSION = YES;
				CLANG_WARN_INT_CONVERSION = YES;
				CLANG_WARN_NON_LITERAL_NULL_CONVERSION = YES;
				CLANG_WARN_OBJC_IMPLICIT_RETAIN_SELF = YES;
				CLANG_WARN_OBJC_LITERAL_CONVERSION = YES;
				CLANG_WARN_OBJC_ROOT_CLASS = YES_ERROR;
				CLANG_WARN_QUOTED_INCLUDE_IN_FRAMEWORK_HEADER = YES;
				CLANG_WARN_RANGE_LOOP_ANALYSIS = YES;
				CLANG_WARN_STRICT_PROTOTYPES = YES;
				CLANG_WARN_SUSPICIOUS_MOVE = YES;
				CLANG_WARN_UNGUARDED_AVAILABILITY = YES_AGGRESSIVE;
				CLANG_WARN_UNREACHABLE_CODE = YES;
				CLANG_WARN__DUPLICATE_METHOD_MATCH = YES;
				COPY_PHASE_STRIP = NO;
				DEBUG_INFORMATION_FORMAT = "dwarf-with-dsym";
				ENABLE_NS_ASSERTIONS = NO;
				ENABLE_STRICT_OBJC_MSGSEND = YES;
				ENABLE_USER_SCRIPT_SANDBOXING = YES;
				GCC_C_LANGUAGE_STANDARD = gnu17;
				GCC_NO_COMMON_BLOCKS = YES;
				GCC_WARN_64_TO_32_BIT_CONVERSION = YES;
				GCC_WARN_ABOUT_RETURN_TYPE = YES_ERROR;
				GCC_WARN_UNDECLARED_SELECTOR = YES;
				GCC_WARN_UNINITIALIZED_AUTOS = YES_AGGRESSIVE;
				GCC_WARN_UNUSED_FUNCTION = YES;
				GCC_WARN_UNUSED_VARIABLE = YES;
				IPHONEOS_DEPLOYMENT_TARGET = 17.2;
				LOCALIZATION_PREFERS_STRING_CATALOGS = YES;
				MTL_ENABLE_DEBUG_INFO = NO;
				MTL_FAST_MATH = YES;
				SDKROOT = iphoneos;
				SWIFT_COMPILATION_MODE = wholemodule;
				VALIDATE_PRODUCT = YES;
			};
			name = Release;
		};
		8C300AE72B4669F200F72EF1 /* Debug */ = {
			isa = XCBuildConfiguration;
			buildSettings = {
				ASSETCATALOG_COMPILER_APPICON_NAME = AppIcon;
				ASSETCATALOG_COMPILER_GLOBAL_ACCENT_COLOR_NAME = AccentColor;
				CODE_SIGN_STYLE = Automatic;
				CURRENT_PROJECT_VERSION = 1;
				DEVELOPMENT_ASSET_PATHS = "\"FoodApp/Preview Content\"";
				DEVELOPMENT_TEAM = R8CVVF4KQM;
				ENABLE_PREVIEWS = YES;
				GENERATE_INFOPLIST_FILE = YES;
				INFOPLIST_KEY_UIApplicationSceneManifest_Generation = YES;
				INFOPLIST_KEY_UIApplicationSupportsIndirectInputEvents = YES;
				INFOPLIST_KEY_UILaunchScreen_Generation = YES;
				INFOPLIST_KEY_UISupportedInterfaceOrientations_iPad = "UIInterfaceOrientationPortrait UIInterfaceOrientationPortraitUpsideDown UIInterfaceOrientationLandscapeLeft UIInterfaceOrientationLandscapeRight";
				INFOPLIST_KEY_UISupportedInterfaceOrientations_iPhone = "UIInterfaceOrientationPortrait UIInterfaceOrientationLandscapeLeft UIInterfaceOrientationLandscapeRight";
				IPHONEOS_DEPLOYMENT_TARGET = 16.0;
				LD_RUNPATH_SEARCH_PATHS = (
					"$(inherited)",
					"@executable_path/Frameworks",
				);
				MARKETING_VERSION = 1.0;
				PRODUCT_BUNDLE_IDENTIFIER = jakuobobara.FoodApp;
				PRODUCT_NAME = "$(TARGET_NAME)";
				SWIFT_EMIT_LOC_STRINGS = YES;
				SWIFT_VERSION = 5.0;
				TARGETED_DEVICE_FAMILY = "1,2";
			};
			name = Debug;
		};
		8C300AE82B4669F200F72EF1 /* Release */ = {
			isa = XCBuildConfiguration;
			buildSettings = {
				ASSETCATALOG_COMPILER_APPICON_NAME = AppIcon;
				ASSETCATALOG_COMPILER_GLOBAL_ACCENT_COLOR_NAME = AccentColor;
				CODE_SIGN_STYLE = Automatic;
				CURRENT_PROJECT_VERSION = 1;
				DEVELOPMENT_ASSET_PATHS = "\"FoodApp/Preview Content\"";
				DEVELOPMENT_TEAM = R8CVVF4KQM;
				ENABLE_PREVIEWS = YES;
				GENERATE_INFOPLIST_FILE = YES;
				INFOPLIST_KEY_UIApplicationSceneManifest_Generation = YES;
				INFOPLIST_KEY_UIApplicationSupportsIndirectInputEvents = YES;
				INFOPLIST_KEY_UILaunchScreen_Generation = YES;
				INFOPLIST_KEY_UISupportedInterfaceOrientations_iPad = "UIInterfaceOrientationPortrait UIInterfaceOrientationPortraitUpsideDown UIInterfaceOrientationLandscapeLeft UIInterfaceOrientationLandscapeRight";
				INFOPLIST_KEY_UISupportedInterfaceOrientations_iPhone = "UIInterfaceOrientationPortrait UIInterfaceOrientationLandscapeLeft UIInterfaceOrientationLandscapeRight";
				IPHONEOS_DEPLOYMENT_TARGET = 16.0;
				LD_RUNPATH_SEARCH_PATHS = (
					"$(inherited)",
					"@executable_path/Frameworks",
				);
				MARKETING_VERSION = 1.0;
				PRODUCT_BUNDLE_IDENTIFIER = jakuobobara.FoodApp;
				PRODUCT_NAME = "$(TARGET_NAME)";
				SWIFT_EMIT_LOC_STRINGS = YES;
				SWIFT_VERSION = 5.0;
				TARGETED_DEVICE_FAMILY = "1,2";
			};
			name = Release;
		};
/* End XCBuildConfiguration section */

/* Begin XCConfigurationList section */
		8C300AD32B4669EF00F72EF1 /* Build configuration list for PBXProject "FoodApp" */ = {
			isa = XCConfigurationList;
			buildConfigurations = (
				8C300AE42B4669F100F72EF1 /* Debug */,
				8C300AE52B4669F100F72EF1 /* Release */,
			);
			defaultConfigurationIsVisible = 0;
			defaultConfigurationName = Release;
		};
		8C300AE62B4669F200F72EF1 /* Build configuration list for PBXNativeTarget "FoodApp" */ = {
			isa = XCConfigurationList;
			buildConfigurations = (
				8C300AE72B4669F200F72EF1 /* Debug */,
				8C300AE82B4669F200F72EF1 /* Release */,
			);
			defaultConfigurationIsVisible = 0;
			defaultConfigurationName = Release;
		};
/* End XCConfigurationList section */

/* Begin XCRemoteSwiftPackageReference section */
		8C300B312B4BC5B700F72EF1 /* XCRemoteSwiftPackageReference "PopupView" */ = {
			isa = XCRemoteSwiftPackageReference;
			repositoryURL = "https://github.com/exyte/PopupView.git";
			requirement = {
				kind = upToNextMajorVersion;
				minimumVersion = 2.8.3;
			};
		};
		8C5915762B6C484100168700 /* XCRemoteSwiftPackageReference "firebase-ios-sdk" */ = {
			isa = XCRemoteSwiftPackageReference;
			repositoryURL = "https://github.com/firebase/firebase-ios-sdk.git";
			requirement = {
				kind = upToNextMajorVersion;
				minimumVersion = 10.20.0;
			};
		};
		8C5915992B6CA7E400168700 /* XCRemoteSwiftPackageReference "SwiftKeychainWrapper" */ = {
			isa = XCRemoteSwiftPackageReference;
			repositoryURL = "https://github.com/jrendel/SwiftKeychainWrapper";
			requirement = {
				kind = upToNextMajorVersion;
				minimumVersion = 4.0.1;
			};
		};
/* End XCRemoteSwiftPackageReference section */

/* Begin XCSwiftPackageProductDependency section */
		8C300B322B4BC5B700F72EF1 /* PopupView */ = {
			isa = XCSwiftPackageProductDependency;
			package = 8C300B312B4BC5B700F72EF1 /* XCRemoteSwiftPackageReference "PopupView" */;
			productName = PopupView;
		};
		8C5915772B6C484200168700 /* FirebaseAnalytics */ = {
			isa = XCSwiftPackageProductDependency;
			package = 8C5915762B6C484100168700 /* XCRemoteSwiftPackageReference "firebase-ios-sdk" */;
			productName = FirebaseAnalytics;
		};
		8C5915792B6C484200168700 /* FirebaseAnalyticsOnDeviceConversion */ = {
			isa = XCSwiftPackageProductDependency;
			package = 8C5915762B6C484100168700 /* XCRemoteSwiftPackageReference "firebase-ios-sdk" */;
			productName = FirebaseAnalyticsOnDeviceConversion;
		};
		8C59157B2B6C484200168700 /* FirebaseAnalyticsSwift */ = {
			isa = XCSwiftPackageProductDependency;
			package = 8C5915762B6C484100168700 /* XCRemoteSwiftPackageReference "firebase-ios-sdk" */;
			productName = FirebaseAnalyticsSwift;
		};
		8C59157D2B6C484200168700 /* FirebaseAnalyticsWithoutAdIdSupport */ = {
			isa = XCSwiftPackageProductDependency;
			package = 8C5915762B6C484100168700 /* XCRemoteSwiftPackageReference "firebase-ios-sdk" */;
			productName = FirebaseAnalyticsWithoutAdIdSupport;
		};
		8C59157F2B6C484200168700 /* FirebaseAppCheck */ = {
			isa = XCSwiftPackageProductDependency;
			package = 8C5915762B6C484100168700 /* XCRemoteSwiftPackageReference "firebase-ios-sdk" */;
			productName = FirebaseAppCheck;
		};
		8C5915812B6C484200168700 /* FirebaseAppDistribution-Beta */ = {
			isa = XCSwiftPackageProductDependency;
			package = 8C5915762B6C484100168700 /* XCRemoteSwiftPackageReference "firebase-ios-sdk" */;
			productName = "FirebaseAppDistribution-Beta";
		};
		8C5915832B6C484200168700 /* FirebaseAuth */ = {
			isa = XCSwiftPackageProductDependency;
			package = 8C5915762B6C484100168700 /* XCRemoteSwiftPackageReference "firebase-ios-sdk" */;
			productName = FirebaseAuth;
		};
		8C5915852B6C484200168700 /* FirebaseAuthCombine-Community */ = {
			isa = XCSwiftPackageProductDependency;
			package = 8C5915762B6C484100168700 /* XCRemoteSwiftPackageReference "firebase-ios-sdk" */;
			productName = "FirebaseAuthCombine-Community";
		};
		8C5915872B6C484200168700 /* FirebaseCrashlytics */ = {
			isa = XCSwiftPackageProductDependency;
			package = 8C5915762B6C484100168700 /* XCRemoteSwiftPackageReference "firebase-ios-sdk" */;
			productName = FirebaseCrashlytics;
		};
		8C5915892B6C484200168700 /* FirebaseDatabase */ = {
			isa = XCSwiftPackageProductDependency;
			package = 8C5915762B6C484100168700 /* XCRemoteSwiftPackageReference "firebase-ios-sdk" */;
			productName = FirebaseDatabase;
		};
		8C59158B2B6C484200168700 /* FirebaseDatabaseSwift */ = {
			isa = XCSwiftPackageProductDependency;
			package = 8C5915762B6C484100168700 /* XCRemoteSwiftPackageReference "firebase-ios-sdk" */;
			productName = FirebaseDatabaseSwift;
		};
		8C59158D2B6C484200168700 /* FirebaseDynamicLinks */ = {
			isa = XCSwiftPackageProductDependency;
			package = 8C5915762B6C484100168700 /* XCRemoteSwiftPackageReference "firebase-ios-sdk" */;
			productName = FirebaseDynamicLinks;
		};
		8C59159A2B6CA7E400168700 /* SwiftKeychainWrapper */ = {
			isa = XCSwiftPackageProductDependency;
			package = 8C5915992B6CA7E400168700 /* XCRemoteSwiftPackageReference "SwiftKeychainWrapper" */;
			productName = SwiftKeychainWrapper;
		};
/* End XCSwiftPackageProductDependency section */
	};
	rootObject = 8C300AD02B4669EF00F72EF1 /* Project object */;
}
